
Microsoft Visual Studio Solution File, Format Version 12.00
# Visual Studio 15
VisualStudioVersion = 15.0.28307.645
MinimumVisualStudioVersion = 10.0.40219.1
Project("{FAE04EC0-301F-11D3-BF4B-00C04F79EFBC}") = "restApiVolvo", "restApiVolvo\restApiVolvo.csproj", "{81D6EAA5-F73D-41DF-BF04-05581740B940}"
EndProject
Project("{FAE04EC0-301F-11D3-BF4B-00C04F79EFBC}") = "restApiVolvo.Tests", "restApiVolvo.Tests\restApiVolvo.Tests.csproj", "{750A340C-6C07-440A-BB97-ED9694424479}"
EndProject
Global
	GlobalSection(SolutionConfigurationPlatforms) = preSolution
		Debug|Any CPU = Debug|Any CPU
		Release|Any CPU = Release|Any CPU
	EndGlobalSection
	GlobalSection(ProjectConfigurationPlatforms) = postSolution
		{81D6EAA5-F73D-41DF-BF04-05581740B940}.Debug|Any CPU.ActiveCfg = Debug|Any CPU
		{81D6EAA5-F73D-41DF-BF04-05581740B940}.Debug|Any CPU.Build.0 = Debug|Any CPU
		{81D6EAA5-F73D-41DF-BF04-05581740B940}.Release|Any CPU.ActiveCfg = Release|Any CPU
		{81D6EAA5-F73D-41DF-BF04-05581740B940}.Release|Any CPU.Build.0 = Release|Any CPU
		{750A340C-6C07-440A-BB97-ED9694424479}.Debug|Any CPU.ActiveCfg = Debug|Any CPU
		{750A340C-6C07-440A-BB97-ED9694424479}.Debug|Any CPU.Build.0 = Debug|Any CPU
		{750A340C-6C07-440A-BB97-ED9694424479}.Release|Any CPU.ActiveCfg = Release|Any CPU
		{750A340C-6C07-440A-BB97-ED9694424479}.Release|Any CPU.Build.0 = Release|Any CPU
	EndGlobalSection
	GlobalSection(SolutionProperties) = preSolution
		HideSolutionNode = FALSE
	EndGlobalSection
	GlobalSection(ExtensibilityGlobals) = postSolution
		SolutionGuid = {682A54C7-C696-4EBF-B529-8790CC955B4E}
	EndGlobalSection
EndGlobal
